
Microsoft Visual Studio Solution File, Format Version 12.00
# Visual Studio Version 17
VisualStudioVersion = 17.6.33815.320
MinimumVisualStudioVersion = 10.0.40219.1
Project("{FAE04EC0-301F-11D3-BF4B-00C04F79EFBC}") = "Banco de Dados", "Banco de Dados.csproj", "{14AD8A72-DCCC-4938-8E91-B63E7A293F7F}"
EndProject
Global
	GlobalSection(SolutionConfigurationPlatforms) = preSolution
		Debug|Any CPU = Debug|Any CPU
		Release|Any CPU = Release|Any CPU
	EndGlobalSection
	GlobalSection(ProjectConfigurationPlatforms) = postSolution
		{14AD8A72-DCCC-4938-8E91-B63E7A293F7F}.Debug|Any CPU.ActiveCfg = Debug|Any CPU
		{14AD8A72-DCCC-4938-8E91-B63E7A293F7F}.Debug|Any CPU.Build.0 = Debug|Any CPU
		{14AD8A72-DCCC-4938-8E91-B63E7A293F7F}.Release|Any CPU.ActiveCfg = Release|Any CPU
		{14AD8A72-DCCC-4938-8E91-B63E7A293F7F}.Release|Any CPU.Build.0 = Release|Any CPU
	EndGlobalSection
	GlobalSection(SolutionProperties) = preSolution
		HideSolutionNode = FALSE
	EndGlobalSection
	GlobalSection(ExtensibilityGlobals) = postSolution
		SolutionGuid = {FE3BE4F0-3E04-4109-B769-C0855AA0431B}
	EndGlobalSection
EndGlobal
