
Microsoft Visual Studio Solution File, Format Version 12.00
# Visual Studio Version 17
VisualStudioVersion = 17.6.33829.357
MinimumVisualStudioVersion = 10.0.40219.1
Project("{FAE04EC0-301F-11D3-BF4B-00C04F79EFBC}") = "TasksApi", "TasksApi\TasksApi.csproj", "{01F53480-F1A8-4913-ACAC-E751FA7AA9A0}"
EndProject
Global
	GlobalSection(SolutionConfigurationPlatforms) = preSolution
		Debug|Any CPU = Debug|Any CPU
		Release|Any CPU = Release|Any CPU
	EndGlobalSection
	GlobalSection(ProjectConfigurationPlatforms) = postSolution
		{01F53480-F1A8-4913-ACAC-E751FA7AA9A0}.Debug|Any CPU.ActiveCfg = Debug|Any CPU
		{01F53480-F1A8-4913-ACAC-E751FA7AA9A0}.Debug|Any CPU.Build.0 = Debug|Any CPU
		{01F53480-F1A8-4913-ACAC-E751FA7AA9A0}.Release|Any CPU.ActiveCfg = Release|Any CPU
		{01F53480-F1A8-4913-ACAC-E751FA7AA9A0}.Release|Any CPU.Build.0 = Release|Any CPU
	EndGlobalSection
	GlobalSection(SolutionProperties) = preSolution
		HideSolutionNode = FALSE
	EndGlobalSection
	GlobalSection(ExtensibilityGlobals) = postSolution
		SolutionGuid = {4667D66B-1993-4100-AA8C-07DC58F4605C}
	EndGlobalSection
EndGlobal
