
Microsoft Visual Studio Solution File, Format Version 12.00
# Visual Studio Version 17
VisualStudioVersion = 17.7.34003.232
MinimumVisualStudioVersion = 10.0.40219.1
Project("{FAE04EC0-301F-11D3-BF4B-00C04F79EFBC}") = "POO", "POO.csproj", "{58B7D00C-4FB3-4AF7-9898-9FB8DF810B3D}"
EndProject
Global
	GlobalSection(SolutionConfigurationPlatforms) = preSolution
		Debug|Any CPU = Debug|Any CPU
		Release|Any CPU = Release|Any CPU
	EndGlobalSection
	GlobalSection(ProjectConfigurationPlatforms) = postSolution
		{58B7D00C-4FB3-4AF7-9898-9FB8DF810B3D}.Debug|Any CPU.ActiveCfg = Debug|Any CPU
		{58B7D00C-4FB3-4AF7-9898-9FB8DF810B3D}.Debug|Any CPU.Build.0 = Debug|Any CPU
		{58B7D00C-4FB3-4AF7-9898-9FB8DF810B3D}.Release|Any CPU.ActiveCfg = Release|Any CPU
		{58B7D00C-4FB3-4AF7-9898-9FB8DF810B3D}.Release|Any CPU.Build.0 = Release|Any CPU
	EndGlobalSection
	GlobalSection(SolutionProperties) = preSolution
		HideSolutionNode = FALSE
	EndGlobalSection
	GlobalSection(ExtensibilityGlobals) = postSolution
		SolutionGuid = {BDEF8708-7C68-420D-B5C7-2A7EAA363205}
	EndGlobalSection
EndGlobal
